
Microsoft Visual Studio Solution File, Format Version 12.00
# Visual Studio Version 17
VisualStudioVersion = 17.6.33815.320
MinimumVisualStudioVersion = 10.0.40219.1
Project("{FAE04EC0-301F-11D3-BF4B-00C04F79EFBC}") = "JwtWebApi", "JwtWebApi.csproj", "{A760E92D-83F2-4DDA-A3BB-E1463C03CA7E}"
EndProject
Global
	GlobalSection(SolutionConfigurationPlatforms) = preSolution
		Debug|Any CPU = Debug|Any CPU
		Release|Any CPU = Release|Any CPU
	EndGlobalSection
	GlobalSection(ProjectConfigurationPlatforms) = postSolution
		{A760E92D-83F2-4DDA-A3BB-E1463C03CA7E}.Debug|Any CPU.ActiveCfg = Debug|Any CPU
		{A760E92D-83F2-4DDA-A3BB-E1463C03CA7E}.Debug|Any CPU.Build.0 = Debug|Any CPU
		{A760E92D-83F2-4DDA-A3BB-E1463C03CA7E}.Release|Any CPU.ActiveCfg = Release|Any CPU
		{A760E92D-83F2-4DDA-A3BB-E1463C03CA7E}.Release|Any CPU.Build.0 = Release|Any CPU
	EndGlobalSection
	GlobalSection(SolutionProperties) = preSolution
		HideSolutionNode = FALSE
	EndGlobalSection
	GlobalSection(ExtensibilityGlobals) = postSolution
		SolutionGuid = {05E4219C-53E3-4893-B513-3CCBF5A5469A}
	EndGlobalSection
EndGlobal
